uuid: f13c8132-0afe-4e92-bc36-c26b8e3d1ada
langcode: ka
status: true
dependencies:
  module:
    - girchi_my_party_list
  theme:
    - girchi
id: politicianratingblock
theme: girchi
region: content
weight: -1
provider: null
plugin: politician_rating_block
settings:
  id: politician_rating_block
  label: 'Politician rating block'
  provider: girchi_my_party_list
  label_display: '0'
visibility: {  }
